
Microsoft Visual Studio Solution File, Format Version 12.00
# Visual Studio Version 17
VisualStudioVersion = 17.8.34525.116
MinimumVisualStudioVersion = 10.0.40219.1
Project("{2150E333-8FDC-42A3-9474-1A3956D46DE8}") = "Core", "Core", "{5F037542-B8A8-4710-BEA5-69FF3E45F993}"
EndProject
Project("{2150E333-8FDC-42A3-9474-1A3956D46DE8}") = "Kodlama.io.Devs", "Kodlama.io.Devs", "{6AF5096C-4A21-4D6B-ACB1-CDECE7C983E1}"
EndProject
Project("{9A19103F-16F7-4668-BE54-9A1E7A4F7556}") = "Kodlama.io.Persistance", "Kodlama.io.Devs\Kodlama.io.Persistance\Kodlama.io.Persistance.csproj", "{15262F88-BC43-4AE4-B584-FF834F63C69F}"
EndProject
Project("{9A19103F-16F7-4668-BE54-9A1E7A4F7556}") = "Kodlama.io.Domain", "Kodlama.io.Devs\Kodlama.io.Domain\Kodlama.io.Domain.csproj", "{C13884CA-C311-4D8A-AED8-07F066DC4C8E}"
EndProject
Project("{9A19103F-16F7-4668-BE54-9A1E7A4F7556}") = "Kodlama.io.Application", "Kodlama.io.Devs\Kodlama.io.Application\Kodlama.io.Application.csproj", "{0F0BB854-A6C1-4AB7-9112-F64BB3811451}"
EndProject
Project("{9A19103F-16F7-4668-BE54-9A1E7A4F7556}") = "Kodlama.io.Infrastructure", "Kodlama.io.Devs\Kodlama.io.Infrastructure\Kodlama.io.Infrastructure.csproj", "{1D115B17-7A2C-4EF8-A2D8-A6B1149B141F}"
EndProject
Project("{9A19103F-16F7-4668-BE54-9A1E7A4F7556}") = "WebAPI", "Kodlama.io.Devs\WebAPI\WebAPI.csproj", "{D9814685-576D-43C9-BB19-5892C6630CAA}"
EndProject
Project("{9A19103F-16F7-4668-BE54-9A1E7A4F7556}") = "Core.Application", "Core\Core.Application\Core.Application.csproj", "{6351BE28-66CE-4077-8015-F548D865B758}"
EndProject
Project("{9A19103F-16F7-4668-BE54-9A1E7A4F7556}") = "Core.CrossCuttingConcerns", "Core\Core.CrossCuttingConcers\Core.CrossCuttingConcerns.csproj", "{0185190F-5B9B-4CF8-93AA-E303020C1F05}"
EndProject
Project("{9A19103F-16F7-4668-BE54-9A1E7A4F7556}") = "Core.ElasticSearch", "Core\Core.ElasticSearch\Core.ElasticSearch.csproj", "{0D172B42-158B-43E5-83EC-D002560ACA1A}"
EndProject
Project("{9A19103F-16F7-4668-BE54-9A1E7A4F7556}") = "Core.Mailing", "Core\Core.Mailing\Core.Mailing.csproj", "{8CC1FB1D-5934-4D77-8007-1D6A927FB4DF}"
EndProject
Project("{9A19103F-16F7-4668-BE54-9A1E7A4F7556}") = "Core.Persistence", "Core\Core.Persistence\Core.Persistence.csproj", "{FFCF18F8-3E34-41E0-B667-A2DACB71EFE9}"
EndProject
Project("{9A19103F-16F7-4668-BE54-9A1E7A4F7556}") = "Core.Security", "Core\Core.Security\Core.Security.csproj", "{58E040EF-8288-413C-83E8-F2524624F97B}"
EndProject
Global
	GlobalSection(SolutionConfigurationPlatforms) = preSolution
		Debug|Any CPU = Debug|Any CPU
		Release|Any CPU = Release|Any CPU
	EndGlobalSection
	GlobalSection(ProjectConfigurationPlatforms) = postSolution
		{15262F88-BC43-4AE4-B584-FF834F63C69F}.Debug|Any CPU.ActiveCfg = Debug|Any CPU
		{15262F88-BC43-4AE4-B584-FF834F63C69F}.Debug|Any CPU.Build.0 = Debug|Any CPU
		{15262F88-BC43-4AE4-B584-FF834F63C69F}.Release|Any CPU.ActiveCfg = Release|Any CPU
		{15262F88-BC43-4AE4-B584-FF834F63C69F}.Release|Any CPU.Build.0 = Release|Any CPU
		{C13884CA-C311-4D8A-AED8-07F066DC4C8E}.Debug|Any CPU.ActiveCfg = Debug|Any CPU
		{C13884CA-C311-4D8A-AED8-07F066DC4C8E}.Debug|Any CPU.Build.0 = Debug|Any CPU
		{C13884CA-C311-4D8A-AED8-07F066DC4C8E}.Release|Any CPU.ActiveCfg = Release|Any CPU
		{C13884CA-C311-4D8A-AED8-07F066DC4C8E}.Release|Any CPU.Build.0 = Release|Any CPU
		{0F0BB854-A6C1-4AB7-9112-F64BB3811451}.Debug|Any CPU.ActiveCfg = Debug|Any CPU
		{0F0BB854-A6C1-4AB7-9112-F64BB3811451}.Debug|Any CPU.Build.0 = Debug|Any CPU
		{0F0BB854-A6C1-4AB7-9112-F64BB3811451}.Release|Any CPU.ActiveCfg = Release|Any CPU
		{0F0BB854-A6C1-4AB7-9112-F64BB3811451}.Release|Any CPU.Build.0 = Release|Any CPU
		{1D115B17-7A2C-4EF8-A2D8-A6B1149B141F}.Debug|Any CPU.ActiveCfg = Debug|Any CPU
		{1D115B17-7A2C-4EF8-A2D8-A6B1149B141F}.Debug|Any CPU.Build.0 = Debug|Any CPU
		{1D115B17-7A2C-4EF8-A2D8-A6B1149B141F}.Release|Any CPU.ActiveCfg = Release|Any CPU
		{1D115B17-7A2C-4EF8-A2D8-A6B1149B141F}.Release|Any CPU.Build.0 = Release|Any CPU
		{D9814685-576D-43C9-BB19-5892C6630CAA}.Debug|Any CPU.ActiveCfg = Debug|Any CPU
		{D9814685-576D-43C9-BB19-5892C6630CAA}.Debug|Any CPU.Build.0 = Debug|Any CPU
		{D9814685-576D-43C9-BB19-5892C6630CAA}.Release|Any CPU.ActiveCfg = Release|Any CPU
		{D9814685-576D-43C9-BB19-5892C6630CAA}.Release|Any CPU.Build.0 = Release|Any CPU
		{6351BE28-66CE-4077-8015-F548D865B758}.Debug|Any CPU.ActiveCfg = Debug|Any CPU
		{6351BE28-66CE-4077-8015-F548D865B758}.Debug|Any CPU.Build.0 = Debug|Any CPU
		{6351BE28-66CE-4077-8015-F548D865B758}.Release|Any CPU.ActiveCfg = Release|Any CPU
		{6351BE28-66CE-4077-8015-F548D865B758}.Release|Any CPU.Build.0 = Release|Any CPU
		{0185190F-5B9B-4CF8-93AA-E303020C1F05}.Debug|Any CPU.ActiveCfg = Debug|Any CPU
		{0185190F-5B9B-4CF8-93AA-E303020C1F05}.Debug|Any CPU.Build.0 = Debug|Any CPU
		{0185190F-5B9B-4CF8-93AA-E303020C1F05}.Release|Any CPU.ActiveCfg = Release|Any CPU
		{0185190F-5B9B-4CF8-93AA-E303020C1F05}.Release|Any CPU.Build.0 = Release|Any CPU
		{0D172B42-158B-43E5-83EC-D002560ACA1A}.Debug|Any CPU.ActiveCfg = Debug|Any CPU
		{0D172B42-158B-43E5-83EC-D002560ACA1A}.Debug|Any CPU.Build.0 = Debug|Any CPU
		{0D172B42-158B-43E5-83EC-D002560ACA1A}.Release|Any CPU.ActiveCfg = Release|Any CPU
		{0D172B42-158B-43E5-83EC-D002560ACA1A}.Release|Any CPU.Build.0 = Release|Any CPU
		{8CC1FB1D-5934-4D77-8007-1D6A927FB4DF}.Debug|Any CPU.ActiveCfg = Debug|Any CPU
		{8CC1FB1D-5934-4D77-8007-1D6A927FB4DF}.Debug|Any CPU.Build.0 = Debug|Any CPU
		{8CC1FB1D-5934-4D77-8007-1D6A927FB4DF}.Release|Any CPU.ActiveCfg = Release|Any CPU
		{8CC1FB1D-5934-4D77-8007-1D6A927FB4DF}.Release|Any CPU.Build.0 = Release|Any CPU
		{FFCF18F8-3E34-41E0-B667-A2DACB71EFE9}.Debug|Any CPU.ActiveCfg = Debug|Any CPU
		{FFCF18F8-3E34-41E0-B667-A2DACB71EFE9}.Debug|Any CPU.Build.0 = Debug|Any CPU
		{FFCF18F8-3E34-41E0-B667-A2DACB71EFE9}.Release|Any CPU.ActiveCfg = Release|Any CPU
		{FFCF18F8-3E34-41E0-B667-A2DACB71EFE9}.Release|Any CPU.Build.0 = Release|Any CPU
		{58E040EF-8288-413C-83E8-F2524624F97B}.Debug|Any CPU.ActiveCfg = Debug|Any CPU
		{58E040EF-8288-413C-83E8-F2524624F97B}.Debug|Any CPU.Build.0 = Debug|Any CPU
		{58E040EF-8288-413C-83E8-F2524624F97B}.Release|Any CPU.ActiveCfg = Release|Any CPU
		{58E040EF-8288-413C-83E8-F2524624F97B}.Release|Any CPU.Build.0 = Release|Any CPU
	EndGlobalSection
	GlobalSection(SolutionProperties) = preSolution
		HideSolutionNode = FALSE
	EndGlobalSection
	GlobalSection(NestedProjects) = preSolution
		{15262F88-BC43-4AE4-B584-FF834F63C69F} = {6AF5096C-4A21-4D6B-ACB1-CDECE7C983E1}
		{C13884CA-C311-4D8A-AED8-07F066DC4C8E} = {6AF5096C-4A21-4D6B-ACB1-CDECE7C983E1}
		{0F0BB854-A6C1-4AB7-9112-F64BB3811451} = {6AF5096C-4A21-4D6B-ACB1-CDECE7C983E1}
		{1D115B17-7A2C-4EF8-A2D8-A6B1149B141F} = {6AF5096C-4A21-4D6B-ACB1-CDECE7C983E1}
		{D9814685-576D-43C9-BB19-5892C6630CAA} = {6AF5096C-4A21-4D6B-ACB1-CDECE7C983E1}
		{6351BE28-66CE-4077-8015-F548D865B758} = {5F037542-B8A8-4710-BEA5-69FF3E45F993}
		{0185190F-5B9B-4CF8-93AA-E303020C1F05} = {5F037542-B8A8-4710-BEA5-69FF3E45F993}
		{0D172B42-158B-43E5-83EC-D002560ACA1A} = {5F037542-B8A8-4710-BEA5-69FF3E45F993}
		{8CC1FB1D-5934-4D77-8007-1D6A927FB4DF} = {5F037542-B8A8-4710-BEA5-69FF3E45F993}
		{FFCF18F8-3E34-41E0-B667-A2DACB71EFE9} = {5F037542-B8A8-4710-BEA5-69FF3E45F993}
		{58E040EF-8288-413C-83E8-F2524624F97B} = {5F037542-B8A8-4710-BEA5-69FF3E45F993}
	EndGlobalSection
	GlobalSection(ExtensibilityGlobals) = postSolution
		SolutionGuid = {FA16EB74-FC46-457C-A5E8-94A4751D00B2}
	EndGlobalSection
EndGlobal
